
Microsoft Visual Studio Solution File, Format Version 12.00
# Visual Studio Version 16
VisualStudioVersion = 16.0.31702.278
MinimumVisualStudioVersion = 10.0.40219.1
Project("{FAE04EC0-301F-11D3-BF4B-00C04F79EFBC}") = "webApi_personelDemo", "webApi_personelDemo\webApi_personelDemo.csproj", "{E9D8364E-43EB-4CA9-A1B7-49D875E33488}"
EndProject
Global
	GlobalSection(SolutionConfigurationPlatforms) = preSolution
		Debug|Any CPU = Debug|Any CPU
		Release|Any CPU = Release|Any CPU
	EndGlobalSection
	GlobalSection(ProjectConfigurationPlatforms) = postSolution
		{E9D8364E-43EB-4CA9-A1B7-49D875E33488}.Debug|Any CPU.ActiveCfg = Debug|Any CPU
		{E9D8364E-43EB-4CA9-A1B7-49D875E33488}.Debug|Any CPU.Build.0 = Debug|Any CPU
		{E9D8364E-43EB-4CA9-A1B7-49D875E33488}.Release|Any CPU.ActiveCfg = Release|Any CPU
		{E9D8364E-43EB-4CA9-A1B7-49D875E33488}.Release|Any CPU.Build.0 = Release|Any CPU
	EndGlobalSection
	GlobalSection(SolutionProperties) = preSolution
		HideSolutionNode = FALSE
	EndGlobalSection
	GlobalSection(ExtensibilityGlobals) = postSolution
		SolutionGuid = {D8B414C7-6A32-40A4-A63D-734DABF3FA7C}
	EndGlobalSection
EndGlobal
